
Microsoft Visual Studio Solution File, Format Version 12.00
# Visual Studio Version 17
VisualStudioVersion = 17.0.31903.59
MinimumVisualStudioVersion = 10.0.40219.1
Project("{FAE04EC0-301F-11D3-BF4B-00C04F79EFBC}") = "Validation.Domain", "Validation.Domain\Validation.Domain.csproj", "{3C36AE40-1115-463C-BECB-F7732E243056}"
EndProject
Project("{FAE04EC0-301F-11D3-BF4B-00C04F79EFBC}") = "Validation.Infrastructure", "Validation.Infrastructure\Validation.Infrastructure.csproj", "{7F26702C-D633-440A-8062-ACA5D3CACE9D}"
EndProject
Project("{FAE04EC0-301F-11D3-BF4B-00C04F79EFBC}") = "Validation.Tests", "Validation.Tests\Validation.Tests.csproj", "{8E5CB3AA-8EDB-4DCD-97BC-F98B4DCDFEC9}"
EndProject
Project("{FAE04EC0-301F-11D3-BF4B-00C04F79EFBC}") = "ValidationFlow.Messages", "ValidationFlow.Messages\ValidationFlow.Messages.csproj", "{34779B27-8743-4769-BDD8-33007D9475AB}"
EndProject
Global
	GlobalSection(SolutionConfigurationPlatforms) = preSolution
		Debug|Any CPU = Debug|Any CPU
		Debug|x64 = Debug|x64
		Debug|x86 = Debug|x86
		Release|Any CPU = Release|Any CPU
		Release|x64 = Release|x64
		Release|x86 = Release|x86
	EndGlobalSection
	GlobalSection(ProjectConfigurationPlatforms) = postSolution
		{3C36AE40-1115-463C-BECB-F7732E243056}.Debug|Any CPU.ActiveCfg = Debug|Any CPU
		{3C36AE40-1115-463C-BECB-F7732E243056}.Debug|Any CPU.Build.0 = Debug|Any CPU
		{3C36AE40-1115-463C-BECB-F7732E243056}.Debug|x64.ActiveCfg = Debug|Any CPU
		{3C36AE40-1115-463C-BECB-F7732E243056}.Debug|x64.Build.0 = Debug|Any CPU
		{3C36AE40-1115-463C-BECB-F7732E243056}.Debug|x86.ActiveCfg = Debug|Any CPU
		{3C36AE40-1115-463C-BECB-F7732E243056}.Debug|x86.Build.0 = Debug|Any CPU
		{3C36AE40-1115-463C-BECB-F7732E243056}.Release|Any CPU.ActiveCfg = Release|Any CPU
		{3C36AE40-1115-463C-BECB-F7732E243056}.Release|Any CPU.Build.0 = Release|Any CPU
		{3C36AE40-1115-463C-BECB-F7732E243056}.Release|x64.ActiveCfg = Release|Any CPU
		{3C36AE40-1115-463C-BECB-F7732E243056}.Release|x64.Build.0 = Release|Any CPU
		{3C36AE40-1115-463C-BECB-F7732E243056}.Release|x86.ActiveCfg = Release|Any CPU
		{3C36AE40-1115-463C-BECB-F7732E243056}.Release|x86.Build.0 = Release|Any CPU
		{7F26702C-D633-440A-8062-ACA5D3CACE9D}.Debug|Any CPU.ActiveCfg = Debug|Any CPU
		{7F26702C-D633-440A-8062-ACA5D3CACE9D}.Debug|Any CPU.Build.0 = Debug|Any CPU
		{7F26702C-D633-440A-8062-ACA5D3CACE9D}.Debug|x64.ActiveCfg = Debug|Any CPU
		{7F26702C-D633-440A-8062-ACA5D3CACE9D}.Debug|x64.Build.0 = Debug|Any CPU
		{7F26702C-D633-440A-8062-ACA5D3CACE9D}.Debug|x86.ActiveCfg = Debug|Any CPU
		{7F26702C-D633-440A-8062-ACA5D3CACE9D}.Debug|x86.Build.0 = Debug|Any CPU
		{7F26702C-D633-440A-8062-ACA5D3CACE9D}.Release|Any CPU.ActiveCfg = Release|Any CPU
		{7F26702C-D633-440A-8062-ACA5D3CACE9D}.Release|Any CPU.Build.0 = Release|Any CPU
		{7F26702C-D633-440A-8062-ACA5D3CACE9D}.Release|x64.ActiveCfg = Release|Any CPU
		{7F26702C-D633-440A-8062-ACA5D3CACE9D}.Release|x64.Build.0 = Release|Any CPU
		{7F26702C-D633-440A-8062-ACA5D3CACE9D}.Release|x86.ActiveCfg = Release|Any CPU
		{7F26702C-D633-440A-8062-ACA5D3CACE9D}.Release|x86.Build.0 = Release|Any CPU
		{8E5CB3AA-8EDB-4DCD-97BC-F98B4DCDFEC9}.Debug|Any CPU.ActiveCfg = Debug|Any CPU
		{8E5CB3AA-8EDB-4DCD-97BC-F98B4DCDFEC9}.Debug|Any CPU.Build.0 = Debug|Any CPU
		{8E5CB3AA-8EDB-4DCD-97BC-F98B4DCDFEC9}.Debug|x64.ActiveCfg = Debug|Any CPU
		{8E5CB3AA-8EDB-4DCD-97BC-F98B4DCDFEC9}.Debug|x64.Build.0 = Debug|Any CPU
		{8E5CB3AA-8EDB-4DCD-97BC-F98B4DCDFEC9}.Debug|x86.ActiveCfg = Debug|Any CPU
		{8E5CB3AA-8EDB-4DCD-97BC-F98B4DCDFEC9}.Debug|x86.Build.0 = Debug|Any CPU
		{8E5CB3AA-8EDB-4DCD-97BC-F98B4DCDFEC9}.Release|Any CPU.ActiveCfg = Release|Any CPU
		{8E5CB3AA-8EDB-4DCD-97BC-F98B4DCDFEC9}.Release|Any CPU.Build.0 = Release|Any CPU
		{8E5CB3AA-8EDB-4DCD-97BC-F98B4DCDFEC9}.Release|x64.ActiveCfg = Release|Any CPU
		{8E5CB3AA-8EDB-4DCD-97BC-F98B4DCDFEC9}.Release|x64.Build.0 = Release|Any CPU
		{8E5CB3AA-8EDB-4DCD-97BC-F98B4DCDFEC9}.Release|x86.ActiveCfg = Release|Any CPU
		{8E5CB3AA-8EDB-4DCD-97BC-F98B4DCDFEC9}.Release|x86.Build.0 = Release|Any CPU
		{34779B27-8743-4769-BDD8-33007D9475AB}.Debug|Any CPU.ActiveCfg = Debug|Any CPU
		{34779B27-8743-4769-BDD8-33007D9475AB}.Debug|Any CPU.Build.0 = Debug|Any CPU
		{34779B27-8743-4769-BDD8-33007D9475AB}.Debug|x64.ActiveCfg = Debug|Any CPU
		{34779B27-8743-4769-BDD8-33007D9475AB}.Debug|x64.Build.0 = Debug|Any CPU
		{34779B27-8743-4769-BDD8-33007D9475AB}.Debug|x86.ActiveCfg = Debug|Any CPU
		{34779B27-8743-4769-BDD8-33007D9475AB}.Debug|x86.Build.0 = Debug|Any CPU
		{34779B27-8743-4769-BDD8-33007D9475AB}.Release|Any CPU.ActiveCfg = Release|Any CPU
		{34779B27-8743-4769-BDD8-33007D9475AB}.Release|Any CPU.Build.0 = Release|Any CPU
		{34779B27-8743-4769-BDD8-33007D9475AB}.Release|x64.ActiveCfg = Release|Any CPU
		{34779B27-8743-4769-BDD8-33007D9475AB}.Release|x64.Build.0 = Release|Any CPU
		{34779B27-8743-4769-BDD8-33007D9475AB}.Release|x86.ActiveCfg = Release|Any CPU
		{34779B27-8743-4769-BDD8-33007D9475AB}.Release|x86.Build.0 = Release|Any CPU
	EndGlobalSection
	GlobalSection(SolutionProperties) = preSolution
		HideSolutionNode = FALSE
	EndGlobalSection
EndGlobal
